
Microsoft Visual Studio Solution File, Format Version 12.00
# Visual Studio Version 16
VisualStudioVersion = 16.0.30114.105
MinimumVisualStudioVersion = 10.0.40219.1
Project("{2150E333-8FDC-42A3-9474-1A3956D46DE8}") = "src", "src", "{925D124E-7894-4178-BB80-829E4E0F9E1C}"
EndProject
Project("{FAE04EC0-301F-11D3-BF4B-00C04F79EFBC}") = "web-crawler", "src\web-crawler\web-crawler.csproj", "{22F56988-29B8-4506-A9D5-CD8AC1955E4B}"
EndProject
Project("{2150E333-8FDC-42A3-9474-1A3956D46DE8}") = "test", "test", "{3A3F26E6-CFC4-4293-9675-6C303DEAD758}"
EndProject
Project("{FAE04EC0-301F-11D3-BF4B-00C04F79EFBC}") = "web-crawler-test", "test\web-crawler-test\web-crawler-test.csproj", "{A7BBB82F-CCE8-4C98-895A-499C4CB39045}"
EndProject
Global
	GlobalSection(SolutionConfigurationPlatforms) = preSolution
		Debug|Any CPU = Debug|Any CPU
		Release|Any CPU = Release|Any CPU
	EndGlobalSection
	GlobalSection(SolutionProperties) = preSolution
		HideSolutionNode = FALSE
	EndGlobalSection
	GlobalSection(ProjectConfigurationPlatforms) = postSolution
		{22F56988-29B8-4506-A9D5-CD8AC1955E4B}.Debug|Any CPU.ActiveCfg = Debug|Any CPU
		{22F56988-29B8-4506-A9D5-CD8AC1955E4B}.Debug|Any CPU.Build.0 = Debug|Any CPU
		{22F56988-29B8-4506-A9D5-CD8AC1955E4B}.Release|Any CPU.ActiveCfg = Release|Any CPU
		{22F56988-29B8-4506-A9D5-CD8AC1955E4B}.Release|Any CPU.Build.0 = Release|Any CPU
		{A7BBB82F-CCE8-4C98-895A-499C4CB39045}.Debug|Any CPU.ActiveCfg = Debug|Any CPU
		{A7BBB82F-CCE8-4C98-895A-499C4CB39045}.Debug|Any CPU.Build.0 = Debug|Any CPU
		{A7BBB82F-CCE8-4C98-895A-499C4CB39045}.Release|Any CPU.ActiveCfg = Release|Any CPU
		{A7BBB82F-CCE8-4C98-895A-499C4CB39045}.Release|Any CPU.Build.0 = Release|Any CPU
	EndGlobalSection
	GlobalSection(NestedProjects) = preSolution
		{22F56988-29B8-4506-A9D5-CD8AC1955E4B} = {925D124E-7894-4178-BB80-829E4E0F9E1C}
		{A7BBB82F-CCE8-4C98-895A-499C4CB39045} = {3A3F26E6-CFC4-4293-9675-6C303DEAD758}
	EndGlobalSection
EndGlobal
